
Microsoft Visual Studio Solution File, Format Version 12.00
# Visual Studio Version 17
VisualStudioVersion = 17.0.31903.59
MinimumVisualStudioVersion = 10.0.40219.1
Project("{FAE04EC0-301F-11D3-BF4B-00C04F79EFBC}") = "Mediator", "Mediator\Mediator.csproj", "{44FA0D00-3983-4BF3-8013-9974762652E8}"
EndProject
Project("{FAE04EC0-301F-11D3-BF4B-00C04F79EFBC}") = "Mediator.Samples", "Mediator.Samples\Mediator.Samples.csproj", "{55C62152-2C90-474C-87D8-5FE0221B066F}"
EndProject
Project("{FAE04EC0-301F-11D3-BF4B-00C04F79EFBC}") = "Mediator.Abstractions", "Mediator.Abstractions\Mediator.Abstractions.csproj", "{7B03EB6B-7CBB-4D2A-9574-A558413B05DA}"
EndProject
Global
	GlobalSection(SolutionConfigurationPlatforms) = preSolution
		Debug|Any CPU = Debug|Any CPU
		Debug|x64 = Debug|x64
		Debug|x86 = Debug|x86
		Release|Any CPU = Release|Any CPU
		Release|x64 = Release|x64
		Release|x86 = Release|x86
	EndGlobalSection
	GlobalSection(ProjectConfigurationPlatforms) = postSolution
		{44FA0D00-3983-4BF3-8013-9974762652E8}.Debug|Any CPU.ActiveCfg = Debug|Any CPU
		{44FA0D00-3983-4BF3-8013-9974762652E8}.Debug|Any CPU.Build.0 = Debug|Any CPU
		{44FA0D00-3983-4BF3-8013-9974762652E8}.Debug|x64.ActiveCfg = Debug|Any CPU
		{44FA0D00-3983-4BF3-8013-9974762652E8}.Debug|x64.Build.0 = Debug|Any CPU
		{44FA0D00-3983-4BF3-8013-9974762652E8}.Debug|x86.ActiveCfg = Debug|Any CPU
		{44FA0D00-3983-4BF3-8013-9974762652E8}.Debug|x86.Build.0 = Debug|Any CPU
		{44FA0D00-3983-4BF3-8013-9974762652E8}.Release|Any CPU.ActiveCfg = Release|Any CPU
		{44FA0D00-3983-4BF3-8013-9974762652E8}.Release|Any CPU.Build.0 = Release|Any CPU
		{44FA0D00-3983-4BF3-8013-9974762652E8}.Release|x64.ActiveCfg = Release|Any CPU
		{44FA0D00-3983-4BF3-8013-9974762652E8}.Release|x64.Build.0 = Release|Any CPU
		{44FA0D00-3983-4BF3-8013-9974762652E8}.Release|x86.ActiveCfg = Release|Any CPU
		{44FA0D00-3983-4BF3-8013-9974762652E8}.Release|x86.Build.0 = Release|Any CPU
		{55C62152-2C90-474C-87D8-5FE0221B066F}.Debug|Any CPU.ActiveCfg = Debug|Any CPU
		{55C62152-2C90-474C-87D8-5FE0221B066F}.Debug|Any CPU.Build.0 = Debug|Any CPU
		{55C62152-2C90-474C-87D8-5FE0221B066F}.Debug|x64.ActiveCfg = Debug|Any CPU
		{55C62152-2C90-474C-87D8-5FE0221B066F}.Debug|x64.Build.0 = Debug|Any CPU
		{55C62152-2C90-474C-87D8-5FE0221B066F}.Debug|x86.ActiveCfg = Debug|Any CPU
		{55C62152-2C90-474C-87D8-5FE0221B066F}.Debug|x86.Build.0 = Debug|Any CPU
		{55C62152-2C90-474C-87D8-5FE0221B066F}.Release|Any CPU.ActiveCfg = Release|Any CPU
		{55C62152-2C90-474C-87D8-5FE0221B066F}.Release|Any CPU.Build.0 = Release|Any CPU
		{55C62152-2C90-474C-87D8-5FE0221B066F}.Release|x64.ActiveCfg = Release|Any CPU
		{55C62152-2C90-474C-87D8-5FE0221B066F}.Release|x64.Build.0 = Release|Any CPU
		{55C62152-2C90-474C-87D8-5FE0221B066F}.Release|x86.ActiveCfg = Release|Any CPU
		{55C62152-2C90-474C-87D8-5FE0221B066F}.Release|x86.Build.0 = Release|Any CPU
		{7B03EB6B-7CBB-4D2A-9574-A558413B05DA}.Debug|Any CPU.ActiveCfg = Debug|Any CPU
		{7B03EB6B-7CBB-4D2A-9574-A558413B05DA}.Debug|Any CPU.Build.0 = Debug|Any CPU
		{7B03EB6B-7CBB-4D2A-9574-A558413B05DA}.Debug|x64.ActiveCfg = Debug|Any CPU
		{7B03EB6B-7CBB-4D2A-9574-A558413B05DA}.Debug|x64.Build.0 = Debug|Any CPU
		{7B03EB6B-7CBB-4D2A-9574-A558413B05DA}.Debug|x86.ActiveCfg = Debug|Any CPU
		{7B03EB6B-7CBB-4D2A-9574-A558413B05DA}.Debug|x86.Build.0 = Debug|Any CPU
		{7B03EB6B-7CBB-4D2A-9574-A558413B05DA}.Release|Any CPU.ActiveCfg = Release|Any CPU
		{7B03EB6B-7CBB-4D2A-9574-A558413B05DA}.Release|Any CPU.Build.0 = Release|Any CPU
		{7B03EB6B-7CBB-4D2A-9574-A558413B05DA}.Release|x64.ActiveCfg = Release|Any CPU
		{7B03EB6B-7CBB-4D2A-9574-A558413B05DA}.Release|x64.Build.0 = Release|Any CPU
		{7B03EB6B-7CBB-4D2A-9574-A558413B05DA}.Release|x86.ActiveCfg = Release|Any CPU
		{7B03EB6B-7CBB-4D2A-9574-A558413B05DA}.Release|x86.Build.0 = Release|Any CPU
	EndGlobalSection
	GlobalSection(SolutionProperties) = preSolution
		HideSolutionNode = FALSE
	EndGlobalSection
EndGlobal
